
Microsoft Visual Studio Solution File, Format Version 12.00
# Visual Studio 15
VisualStudioVersion = 15.0.27703.2026
MinimumVisualStudioVersion = 10.0.40219.1
Project("{FAE04EC0-301F-11D3-BF4B-00C04F79EFBC}") = "EmployeeInformation", "EmployeeInformation\EmployeeInformation.csproj", "{D83AB85C-EBB8-4C8E-880D-C3BF09914EBC}"
EndProject
Global
	GlobalSection(SolutionConfigurationPlatforms) = preSolution
		Debug|Any CPU = Debug|Any CPU
		Release|Any CPU = Release|Any CPU
	EndGlobalSection
	GlobalSection(ProjectConfigurationPlatforms) = postSolution
		{D83AB85C-EBB8-4C8E-880D-C3BF09914EBC}.Debug|Any CPU.ActiveCfg = Debug|Any CPU
		{D83AB85C-EBB8-4C8E-880D-C3BF09914EBC}.Debug|Any CPU.Build.0 = Debug|Any CPU
		{D83AB85C-EBB8-4C8E-880D-C3BF09914EBC}.Release|Any CPU.ActiveCfg = Release|Any CPU
		{D83AB85C-EBB8-4C8E-880D-C3BF09914EBC}.Release|Any CPU.Build.0 = Release|Any CPU
	EndGlobalSection
	GlobalSection(SolutionProperties) = preSolution
		HideSolutionNode = FALSE
	EndGlobalSection
	GlobalSection(ExtensibilityGlobals) = postSolution
		SolutionGuid = {E985DAF5-42AD-4E38-A63D-F99AEECE2333}
	EndGlobalSection
EndGlobal
